
Microsoft Visual Studio Solution File, Format Version 12.00
# Visual Studio Version 17
VisualStudioVersion = 17.4.33213.308
MinimumVisualStudioVersion = 10.0.40219.1
Project("{FAE04EC0-301F-11D3-BF4B-00C04F79EFBC}") = "3. Детерминанта на матрица от трети ранг", "3. Детерминанта на матрица от трети ранг\3. Детерминанта на матрица от трети ранг.csproj", "{0BDD1551-4D0A-41EC-B69A-3D85B0F7EE0D}"
EndProject
Global
	GlobalSection(SolutionConfigurationPlatforms) = preSolution
		Debug|Any CPU = Debug|Any CPU
		Release|Any CPU = Release|Any CPU
	EndGlobalSection
	GlobalSection(ProjectConfigurationPlatforms) = postSolution
		{0BDD1551-4D0A-41EC-B69A-3D85B0F7EE0D}.Debug|Any CPU.ActiveCfg = Debug|Any CPU
		{0BDD1551-4D0A-41EC-B69A-3D85B0F7EE0D}.Debug|Any CPU.Build.0 = Debug|Any CPU
		{0BDD1551-4D0A-41EC-B69A-3D85B0F7EE0D}.Release|Any CPU.ActiveCfg = Release|Any CPU
		{0BDD1551-4D0A-41EC-B69A-3D85B0F7EE0D}.Release|Any CPU.Build.0 = Release|Any CPU
	EndGlobalSection
	GlobalSection(SolutionProperties) = preSolution
		HideSolutionNode = FALSE
	EndGlobalSection
	GlobalSection(ExtensibilityGlobals) = postSolution
		SolutionGuid = {4E6AB234-16C7-443E-80E4-6DDDF5E2CDD1}
	EndGlobalSection
EndGlobal
